
Microsoft Visual Studio Solution File, Format Version 12.00
# Visual Studio Version 16
VisualStudioVersion = 16.0.30011.22
MinimumVisualStudioVersion = 10.0.40219.1
Project("{FAE04EC0-301F-11D3-BF4B-00C04F79EFBC}") = "WeatherConsole", "WeatherConsole\WeatherConsole.csproj", "{9D7A3D29-3784-459B-A1B4-0719A1E57D94}"
EndProject
Global
	GlobalSection(SolutionConfigurationPlatforms) = preSolution
		Debug|Any CPU = Debug|Any CPU
		Release|Any CPU = Release|Any CPU
	EndGlobalSection
	GlobalSection(ProjectConfigurationPlatforms) = postSolution
		{9D7A3D29-3784-459B-A1B4-0719A1E57D94}.Debug|Any CPU.ActiveCfg = Debug|Any CPU
		{9D7A3D29-3784-459B-A1B4-0719A1E57D94}.Debug|Any CPU.Build.0 = Debug|Any CPU
		{9D7A3D29-3784-459B-A1B4-0719A1E57D94}.Release|Any CPU.ActiveCfg = Release|Any CPU
		{9D7A3D29-3784-459B-A1B4-0719A1E57D94}.Release|Any CPU.Build.0 = Release|Any CPU
	EndGlobalSection
	GlobalSection(SolutionProperties) = preSolution
		HideSolutionNode = FALSE
	EndGlobalSection
	GlobalSection(ExtensibilityGlobals) = postSolution
		SolutionGuid = {98E7AB0B-2156-4FB8-A387-E15B08C6AD40}
	EndGlobalSection
EndGlobal
